
Microsoft Visual Studio Solution File, Format Version 12.00
# Visual Studio 15
VisualStudioVersion = 15.0.27428.2037
MinimumVisualStudioVersion = 10.0.40219.1
Project("{FAE04EC0-301F-11D3-BF4B-00C04F79EFBC}") = "EmbASP", "EmbASP\EmbASP.csproj", "{AFB8ACB3-383E-4D4B-8BC2-1F70CFBACCCF}"
EndProject
Global
	GlobalSection(SolutionConfigurationPlatforms) = preSolution
		Debug|Any CPU = Debug|Any CPU
		Release|Any CPU = Release|Any CPU
	EndGlobalSection
	GlobalSection(ProjectConfigurationPlatforms) = postSolution
		{AFB8ACB3-383E-4D4B-8BC2-1F70CFBACCCF}.Debug|Any CPU.ActiveCfg = Debug|Any CPU
		{AFB8ACB3-383E-4D4B-8BC2-1F70CFBACCCF}.Debug|Any CPU.Build.0 = Debug|Any CPU
		{AFB8ACB3-383E-4D4B-8BC2-1F70CFBACCCF}.Release|Any CPU.ActiveCfg = Release|Any CPU
		{AFB8ACB3-383E-4D4B-8BC2-1F70CFBACCCF}.Release|Any CPU.Build.0 = Release|Any CPU
	EndGlobalSection
	GlobalSection(SolutionProperties) = preSolution
		HideSolutionNode = FALSE
	EndGlobalSection
	GlobalSection(ExtensibilityGlobals) = postSolution
		SolutionGuid = {458FF369-85E2-4E43-A1EF-C2059472F446}
	EndGlobalSection
EndGlobal
